github.com/google/uuid v1.4.0 h1:MtMxsa51/r9yyhkyLsVeVt0B+BGQZzpQiTQ4eHZ8bc4=
github.com/google/uuid v1.4.0/go.mod h1:TIyPZe4MgqvfeYDBFedMoGGpEw/LqOeaOT+nhxU+yHo=
goa.design/goa/v3 v3.14.0 h1:Ymm6hDyxWFiYclVHcMs1cl7vgSHiYLSIweHE74EusoA=
goa.design/goa/v3 v3.14.0/go.mod h1:QYVl5438/92SiqcIzYpIwz10QAocAJeacQu+FO0lTXQ=
golang.org/x/text v0.14.0 h1:ScX5w1eTa3QqT8oi6+ziP7dTV1S2+ALU0bI+0zXKWiQ=
golang.org/x/text v0.14.0/go.mod h1:18ZOQIKpY8NJVqYksKHtTdi31H5itFRjB5/qKTNYzSU=
